
Microsoft Visual Studio Solution File, Format Version 12.00
# Visual Studio 14
VisualStudioVersion = 14.0.25420.1
MinimumVisualStudioVersion = 10.0.40219.1
Project("{FAE04EC0-301F-11D3-BF4B-00C04F79EFBC}") = "fundamental-c-sharp", "fundamental-c-sharp\fundamental-c-sharp.csproj", "{1C846615-F3E6-48CA-8582-8C67FEBA5CD4}"
EndProject
Project("{FAE04EC0-301F-11D3-BF4B-00C04F79EFBC}") = "extensions-csharp", "extensions-csharp\extensions-csharp.csproj", "{0C1D8027-3B08-40F7-8E3C-FE8E169713E2}"
EndProject
Project("{FAE04EC0-301F-11D3-BF4B-00C04F79EFBC}") = "command-line", "command-line\command-line.csproj", "{37944B9D-51AB-458A-8882-F05A289BC92D}"
EndProject
Project("{FAE04EC0-301F-11D3-BF4B-00C04F79EFBC}") = "configuration", "configuration\configuration.csproj", "{C9D5320C-1D5A-49D1-9D92-BB8084DB402F}"
EndProject
Project("{FAE04EC0-301F-11D3-BF4B-00C04F79EFBC}") = "functional", "functional\functional.csproj", "{DC8CDAA2-C75A-4ACD-84AC-34774F9F7C39}"
EndProject
Global
	GlobalSection(SolutionConfigurationPlatforms) = preSolution
		Debug|Any CPU = Debug|Any CPU
		Release|Any CPU = Release|Any CPU
	EndGlobalSection
	GlobalSection(ProjectConfigurationPlatforms) = postSolution
		{1C846615-F3E6-48CA-8582-8C67FEBA5CD4}.Debug|Any CPU.ActiveCfg = Debug|Any CPU
		{1C846615-F3E6-48CA-8582-8C67FEBA5CD4}.Debug|Any CPU.Build.0 = Debug|Any CPU
		{1C846615-F3E6-48CA-8582-8C67FEBA5CD4}.Release|Any CPU.ActiveCfg = Release|Any CPU
		{1C846615-F3E6-48CA-8582-8C67FEBA5CD4}.Release|Any CPU.Build.0 = Release|Any CPU
		{0C1D8027-3B08-40F7-8E3C-FE8E169713E2}.Debug|Any CPU.ActiveCfg = Debug|Any CPU
		{0C1D8027-3B08-40F7-8E3C-FE8E169713E2}.Debug|Any CPU.Build.0 = Debug|Any CPU
		{0C1D8027-3B08-40F7-8E3C-FE8E169713E2}.Release|Any CPU.ActiveCfg = Release|Any CPU
		{0C1D8027-3B08-40F7-8E3C-FE8E169713E2}.Release|Any CPU.Build.0 = Release|Any CPU
		{37944B9D-51AB-458A-8882-F05A289BC92D}.Debug|Any CPU.ActiveCfg = Debug|Any CPU
		{37944B9D-51AB-458A-8882-F05A289BC92D}.Debug|Any CPU.Build.0 = Debug|Any CPU
		{37944B9D-51AB-458A-8882-F05A289BC92D}.Release|Any CPU.ActiveCfg = Release|Any CPU
		{37944B9D-51AB-458A-8882-F05A289BC92D}.Release|Any CPU.Build.0 = Release|Any CPU
		{C9D5320C-1D5A-49D1-9D92-BB8084DB402F}.Debug|Any CPU.ActiveCfg = Debug|Any CPU
		{C9D5320C-1D5A-49D1-9D92-BB8084DB402F}.Debug|Any CPU.Build.0 = Debug|Any CPU
		{C9D5320C-1D5A-49D1-9D92-BB8084DB402F}.Release|Any CPU.ActiveCfg = Release|Any CPU
		{C9D5320C-1D5A-49D1-9D92-BB8084DB402F}.Release|Any CPU.Build.0 = Release|Any CPU
		{DC8CDAA2-C75A-4ACD-84AC-34774F9F7C39}.Debug|Any CPU.ActiveCfg = Debug|Any CPU
		{DC8CDAA2-C75A-4ACD-84AC-34774F9F7C39}.Debug|Any CPU.Build.0 = Debug|Any CPU
		{DC8CDAA2-C75A-4ACD-84AC-34774F9F7C39}.Release|Any CPU.ActiveCfg = Release|Any CPU
		{DC8CDAA2-C75A-4ACD-84AC-34774F9F7C39}.Release|Any CPU.Build.0 = Release|Any CPU
	EndGlobalSection
	GlobalSection(SolutionProperties) = preSolution
		HideSolutionNode = FALSE
	EndGlobalSection
EndGlobal
